<?xml version="1.0" encoding="utf-8"?>
<Project ToolsVersion="4.0" xmlns="http://schemas.microsoft.com/developer/msbuild/2003">
  <ItemGroup>
    <Filter Include="头文件">
      <UniqueIdentifier>{93995380-89BD-4b04-88EB-625FBE52EBFB}</UniqueIdentifier>
      <Extensions>h;hh;hpp;hxx;h++;hm;inl;inc;ipp;xsd</Extensions>
    </Filter>
    <Filter Include="资源文件">
      <UniqueIdentifier>{67DA6AB6-F800-4c08-8B7A-83BB121AAD01}</UniqueIdentifier>
      <Extensions>rc;ico;cur;bmp;dlg;rc2;rct;bin;rgs;gif;jpg;jpeg;jpe;resx;tiff;tif;png;wav;mfcribbon-ms</Extensions>
    </Filter>
    <Filter Include="源文件">
      <UniqueIdentifier>{4FC737F1-C7A5-4376-A066-2A32D752A2FF}</UniqueIdentifier>
      <Extensions>cpp;c;cc;cxx;c++;cppm;ixx;def;odl;idl;hpj;bat;asm;asmx</Extensions>
    </Filter>
    <Filter Include="头文件\luaRelate">
      <UniqueIdentifier>{f650c9de-e8b3-4683-a17b-7706547fbd5b}</UniqueIdentifier>
    </Filter>
    <Filter Include="头文件\property">
      <UniqueIdentifier>{d880a222-ba84-4d84-90ed-15d93702d849}</UniqueIdentifier>
    </Filter>
    <Filter Include="头文件\module">
      <UniqueIdentifier>{2e38b9c1-9777-40ec-b3c3-80b8c9c4162e}</UniqueIdentifier>
    </Filter>
    <Filter Include="头文件\field">
      <UniqueIdentifier>{9fc1b7e7-fbb3-42a0-85c9-d7afe216d63b}</UniqueIdentifier>
    </Filter>
    <Filter Include="头文件\client">
      <UniqueIdentifier>{e186eac2-058a-4314-a124-b8acbb6a4d6d}</UniqueIdentifier>
    </Filter>
  </ItemGroup>
  <ItemGroup>
    <ClInclude Include="util.h">
      <Filter>源文件</Filter>
    </ClInclude>
    <ClInclude Include="..\thirdparty\lua\include\lua.h">
      <Filter>头文件\luaRelate</Filter>
    </ClInclude>
    <ClInclude Include="..\thirdparty\lua\include\lua.hpp">
      <Filter>头文件\luaRelate</Filter>
    </ClInclude>
    <ClInclude Include="..\thirdparty\lua\include\luaconf.h">
      <Filter>头文件\luaRelate</Filter>
    </ClInclude>
    <ClInclude Include="..\thirdparty\lua\include\lualib.h">
      <Filter>头文件\luaRelate</Filter>
    </ClInclude>
    <ClInclude Include="..\thirdparty\lua\include\lauxlib.h">
      <Filter>头文件\luaRelate</Filter>
    </ClInclude>
    <ClInclude Include="Animation.h">
      <Filter>头文件\property</Filter>
    </ClInclude>
    <ClInclude Include="Atlas.h">
      <Filter>头文件\property</Filter>
    </ClInclude>
    <ClInclude Include="Camera.h">
      <Filter>头文件\property</Filter>
    </ClInclude>
    <ClInclude Include="Path.h">
      <Filter>头文件\property</Filter>
    </ClInclude>
    <ClInclude Include="Player.h">
      <Filter>头文件\property</Filter>
    </ClInclude>
    <ClInclude Include="Timer.h">
      <Filter>头文件\property</Filter>
    </ClInclude>
    <ClInclude Include="Vector2.h">
      <Filter>头文件\property</Filter>
    </ClInclude>
    <ClInclude Include="ResourceModule.h">
      <Filter>头文件\module</Filter>
    </ClInclude>
    <ClInclude Include="ResourceField.h">
      <Filter>头文件\field</Filter>
    </ClInclude>
    <ClInclude Include="GameState.h">
      <Filter>头文件\field</Filter>
    </ClInclude>
    <ClInclude Include="DirtyRenderField.h">
      <Filter>头文件\field</Filter>
    </ClInclude>
    <ClInclude Include="InternetFiled.h">
      <Filter>头文件\field</Filter>
    </ClInclude>
    <ClInclude Include="IClient.h">
      <Filter>头文件\client</Filter>
    </ClInclude>
    <ClInclude Include="CClient.h">
      <Filter>头文件\client</Filter>
    </ClInclude>
    <ClInclude Include="ConnectModule.h">
      <Filter>头文件\module</Filter>
    </ClInclude>
    <ClInclude Include="InputModule.h">
      <Filter>头文件\module</Filter>
    </ClInclude>
    <ClInclude Include="RenderModule.h">
      <Filter>头文件\module</Filter>
    </ClInclude>
    <ClInclude Include="LogicModule.h">
      <Filter>头文件\module</Filter>
    </ClInclude>
  </ItemGroup>
  <ItemGroup>
    <ClCompile Include="client.cpp">
      <Filter>源文件</Filter>
    </ClCompile>
    <ClCompile Include="client2.cpp">
      <Filter>源文件</Filter>
    </ClCompile>
  </ItemGroup>
  <ItemGroup>
    <None Include="script.lua">
      <Filter>源文件</Filter>
    </None>
  </ItemGroup>
</Project>